// !$*UTF8*$!
{
	archiveVersion = 1;
	classes = {
	};
	objectVersion = 55;
	objects = {

/* Begin PBXBuildFile section */
		33517FBB89A9F00A8299383C /* Pods_demoAmityTiktok.framework in Frameworks */ = {isa = PBXBuildFile; fileRef = B2135CAA128534553CAF03D1 /* Pods_demoAmityTiktok.framework */; };
		E52BF4DB28E986210093BE62 /* SceneDelegate.swift in Sources */ = {isa = PBXBuildFile; fileRef = E52BF4DA28E986210093BE62 /* SceneDelegate.swift */; };
		E52BF4E228E986230093BE62 /* Assets.xcassets in Resources */ = {isa = PBXBuildFile; fileRef = E52BF4E128E986230093BE62 /* Assets.xcassets */; };
		E585C36228EAC476009BD379 /* EditProfileViewController.swift in Sources */ = {isa = PBXBuildFile; fileRef = E585C35728EAC476009BD379 /* EditProfileViewController.swift */; };
		E585C36328EAC476009BD379 /* IntroCreatePostViewController.swift in Sources */ = {isa = PBXBuildFile; fileRef = E585C35828EAC476009BD379 /* IntroCreatePostViewController.swift */; };
		E585C36428EAC476009BD379 /* FeedPerUserViewController.swift in Sources */ = {isa = PBXBuildFile; fileRef = E585C35928EAC476009BD379 /* FeedPerUserViewController.swift */; };
		E585C36528EAC476009BD379 /* FeedViewController.swift in Sources */ = {isa = PBXBuildFile; fileRef = E585C35A28EAC476009BD379 /* FeedViewController.swift */; };
		E585C36628EAC476009BD379 /* SearchUserViewController.swift in Sources */ = {isa = PBXBuildFile; fileRef = E585C35B28EAC476009BD379 /* SearchUserViewController.swift */; };
		E585C36728EAC476009BD379 /* ProfileViewController.swift in Sources */ = {isa = PBXBuildFile; fileRef = E585C35C28EAC476009BD379 /* ProfileViewController.swift */; };
		E585C36828EAC476009BD379 /* CreatePostViewController.swift in Sources */ = {isa = PBXBuildFile; fileRef = E585C35D28EAC476009BD379 /* CreatePostViewController.swift */; };
		E585C36928EAC476009BD379 /* CommentViewController.swift in Sources */ = {isa = PBXBuildFile; fileRef = E585C35E28EAC476009BD379 /* CommentViewController.swift */; };
		E585C36A28EAC476009BD379 /* EditProfileDataViewController.swift in Sources */ = {isa = PBXBuildFile; fileRef = E585C35F28EAC476009BD379 /* EditProfileDataViewController.swift */; };
		E585C36B28EAC476009BD379 /* LoginViewController.swift in Sources */ = {isa = PBXBuildFile; fileRef = E585C36028EAC476009BD379 /* LoginViewController.swift */; };
		E585C36C28EAC476009BD379 /* TiktokTabBarController.swift in Sources */ = {isa = PBXBuildFile; fileRef = E585C36128EAC476009BD379 /* TiktokTabBarController.swift */; };
		E585C36F28EAC4C4009BD379 /* Utilities.swift in Sources */ = {isa = PBXBuildFile; fileRef = E585C36E28EAC4C4009BD379 /* Utilities.swift */; };
		E585C37128EAC4D4009BD379 /* AppDelegate.swift in Sources */ = {isa = PBXBuildFile; fileRef = E585C37028EAC4D4009BD379 /* AppDelegate.swift */; };
		E585C38028EAC508009BD379 /* UserTableViewCell.swift in Sources */ = {isa = PBXBuildFile; fileRef = E585C37228EAC508009BD379 /* UserTableViewCell.swift */; };
		E585C38128EAC508009BD379 /* ProfileDataTableViewCell.swift in Sources */ = {isa = PBXBuildFile; fileRef = E585C37328EAC508009BD379 /* ProfileDataTableViewCell.swift */; };
		E585C38228EAC508009BD379 /* VideoCollectionViewCell.swift in Sources */ = {isa = PBXBuildFile; fileRef = E585C37428EAC508009BD379 /* VideoCollectionViewCell.swift */; };
		E585C38328EAC508009BD379 /* ProfileDataTableViewCell.xib in Resources */ = {isa = PBXBuildFile; fileRef = E585C37528EAC508009BD379 /* ProfileDataTableViewCell.xib */; };
		E585C38428EAC508009BD379 /* VideoCollectionViewCell.xib in Resources */ = {isa = PBXBuildFile; fileRef = E585C37628EAC508009BD379 /* VideoCollectionViewCell.xib */; };
		E585C38528EAC508009BD379 /* VideoThumbnailCollectionViewCell.xib in Resources */ = {isa = PBXBuildFile; fileRef = E585C37728EAC508009BD379 /* VideoThumbnailCollectionViewCell.xib */; };
		E585C38628EAC508009BD379 /* LaunchScreen.storyboard in Resources */ = {isa = PBXBuildFile; fileRef = E585C37828EAC508009BD379 /* LaunchScreen.storyboard */; };
		E585C38728EAC508009BD379 /* Main.storyboard in Resources */ = {isa = PBXBuildFile; fileRef = E585C37A28EAC508009BD379 /* Main.storyboard */; };
		E585C38828EAC508009BD379 /* CommentTableViewCell.xib in Resources */ = {isa = PBXBuildFile; fileRef = E585C37C28EAC508009BD379 /* CommentTableViewCell.xib */; };
		E585C38928EAC508009BD379 /* UserTableViewCell.xib in Resources */ = {isa = PBXBuildFile; fileRef = E585C37D28EAC508009BD379 /* UserTableViewCell.xib */; };
		E585C38A28EAC508009BD379 /* VideoThumbnailCollectionViewCell.swift in Sources */ = {isa = PBXBuildFile; fileRef = E585C37E28EAC508009BD379 /* VideoThumbnailCollectionViewCell.swift */; };
		E585C38B28EAC508009BD379 /* CommentTableViewCell.swift in Sources */ = {isa = PBXBuildFile; fileRef = E585C37F28EAC508009BD379 /* CommentTableViewCell.swift */; };
		E585C38F28EAC53B009BD379 /* UserModel.swift in Sources */ = {isa = PBXBuildFile; fileRef = E585C38C28EAC53B009BD379 /* UserModel.swift */; };
		E585C39028EAC53B009BD379 /* CommentModel.swift in Sources */ = {isa = PBXBuildFile; fileRef = E585C38D28EAC53B009BD379 /* CommentModel.swift */; };
		E585C39128EAC53B009BD379 /* PostModel.swift in Sources */ = {isa = PBXBuildFile; fileRef = E585C38E28EAC53B009BD379 /* PostModel.swift */; };
		E585C39528EAC54C009BD379 /* FeedManager.swift in Sources */ = {isa = PBXBuildFile; fileRef = E585C39228EAC54C009BD379 /* FeedManager.swift */; };
		E585C39628EAC54C009BD379 /* CommentManager.swift in Sources */ = {isa = PBXBuildFile; fileRef = E585C39328EAC54C009BD379 /* CommentManager.swift */; };
		E585C39728EAC54C009BD379 /* UserManager.swift in Sources */ = {isa = PBXBuildFile; fileRef = E585C39428EAC54C009BD379 /* UserManager.swift */; };
/* End PBXBuildFile section */

/* Begin PBXFileReference section */
		A42F95F478FACF7C6C920505 /* Pods-demoAmityTiktok.debug.xcconfig */ = {isa = PBXFileReference; includeInIndex = 1; lastKnownFileType = text.xcconfig; name = "Pods-demoAmityTiktok.debug.xcconfig"; path = "Target Support Files/Pods-demoAmityTiktok/Pods-demoAmityTiktok.debug.xcconfig"; sourceTree = "<group>"; };
		A8CF1B111744F396F77D6CEA /* Pods-demoAmityTiktok.release.xcconfig */ = {isa = PBXFileReference; includeInIndex = 1; lastKnownFileType = text.xcconfig; name = "Pods-demoAmityTiktok.release.xcconfig"; path = "Target Support Files/Pods-demoAmityTiktok/Pods-demoAmityTiktok.release.xcconfig"; sourceTree = "<group>"; };
		B2135CAA128534553CAF03D1 /* Pods_demoAmityTiktok.framework */ = {isa = PBXFileReference; explicitFileType = wrapper.framework; includeInIndex = 0; path = Pods_demoAmityTiktok.framework; sourceTree = BUILT_PRODUCTS_DIR; };
		E52BF4D528E986210093BE62 /* demoAmityTiktok.app */ = {isa = PBXFileReference; explicitFileType = wrapper.application; includeInIndex = 0; path = demoAmityTiktok.app; sourceTree = BUILT_PRODUCTS_DIR; };
		E52BF4DA28E986210093BE62 /* SceneDelegate.swift */ = {isa = PBXFileReference; lastKnownFileType = sourcecode.swift; path = SceneDelegate.swift; sourceTree = "<group>"; };
		E52BF4E128E986230093BE62 /* Assets.xcassets */ = {isa = PBXFileReference; lastKnownFileType = folder.assetcatalog; path = Assets.xcassets; sourceTree = "<group>"; };
		E52BF4E628E986230093BE62 /* Info.plist */ = {isa = PBXFileReference; lastKnownFileType = text.plist.xml; path = Info.plist; sourceTree = "<group>"; };
		E585C35728EAC476009BD379 /* EditProfileViewController.swift */ = {isa = PBXFileReference; fileEncoding = 4; lastKnownFileType = sourcecode.swift; path = EditProfileViewController.swift; sourceTree = "<group>"; };
		E585C35828EAC476009BD379 /* IntroCreatePostViewController.swift */ = {isa = PBXFileReference; fileEncoding = 4; lastKnownFileType = sourcecode.swift; path = IntroCreatePostViewController.swift; sourceTree = "<group>"; };
		E585C35928EAC476009BD379 /* FeedPerUserViewController.swift */ = {isa = PBXFileReference; fileEncoding = 4; lastKnownFileType = sourcecode.swift; path = FeedPerUserViewController.swift; sourceTree = "<group>"; };
		E585C35A28EAC476009BD379 /* FeedViewController.swift */ = {isa = PBXFileReference; fileEncoding = 4; lastKnownFileType = sourcecode.swift; path = FeedViewController.swift; sourceTree = "<group>"; };
		E585C35B28EAC476009BD379 /* SearchUserViewController.swift */ = {isa = PBXFileReference; fileEncoding = 4; lastKnownFileType = sourcecode.swift; path = SearchUserViewController.swift; sourceTree = "<group>"; };
		E585C35C28EAC476009BD379 /* ProfileViewController.swift */ = {isa = PBXFileReference; fileEncoding = 4; lastKnownFileType = sourcecode.swift; path = ProfileViewController.swift; sourceTree = "<group>"; };
		E585C35D28EAC476009BD379 /* CreatePostViewController.swift */ = {isa = PBXFileReference; fileEncoding = 4; lastKnownFileType = sourcecode.swift; path = CreatePostViewController.swift; sourceTree = "<group>"; };
		E585C35E28EAC476009BD379 /* CommentViewController.swift */ = {isa = PBXFileReference; fileEncoding = 4; lastKnownFileType = sourcecode.swift; path = CommentViewController.swift; sourceTree = "<group>"; };
		E585C35F28EAC476009BD379 /* EditProfileDataViewController.swift */ = {isa = PBXFileReference; fileEncoding = 4; lastKnownFileType = sourcecode.swift; path = EditProfileDataViewController.swift; sourceTree = "<group>"; };
		E585C36028EAC476009BD379 /* LoginViewController.swift */ = {isa = PBXFileReference; fileEncoding = 4; lastKnownFileType = sourcecode.swift; path = LoginViewController.swift; sourceTree = "<group>"; };
		E585C36128EAC476009BD379 /* TiktokTabBarController.swift */ = {isa = PBXFileReference; fileEncoding = 4; lastKnownFileType = sourcecode.swift; path = TiktokTabBarController.swift; sourceTree = "<group>"; };
		E585C36E28EAC4C4009BD379 /* Utilities.swift */ = {isa = PBXFileReference; lastKnownFileType = sourcecode.swift; path = Utilities.swift; sourceTree = "<group>"; };
		E585C37028EAC4D4009BD379 /* AppDelegate.swift */ = {isa = PBXFileReference; fileEncoding = 4; lastKnownFileType = sourcecode.swift; name = AppDelegate.swift; path = demoAmityTiktok/AppDelegate.swift; sourceTree = SOURCE_ROOT; };
		E585C37228EAC508009BD379 /* UserTableViewCell.swift */ = {isa = PBXFileReference; fileEncoding = 4; lastKnownFileType = sourcecode.swift; name = UserTableViewCell.swift; path = demoAmityTiktok/View/UserTableViewCell.swift; sourceTree = SOURCE_ROOT; };
		E585C37328EAC508009BD379 /* ProfileDataTableViewCell.swift */ = {isa = PBXFileReference; fileEncoding = 4; lastKnownFileType = sourcecode.swift; name = ProfileDataTableViewCell.swift; path = demoAmityTiktok/View/ProfileDataTableViewCell.swift; sourceTree = SOURCE_ROOT; };
		E585C37428EAC508009BD379 /* VideoCollectionViewCell.swift */ = {isa = PBXFileReference; fileEncoding = 4; lastKnownFileType = sourcecode.swift; name = VideoCollectionViewCell.swift; path = demoAmityTiktok/View/VideoCollectionViewCell.swift; sourceTree = SOURCE_ROOT; };
		E585C37528EAC508009BD379 /* ProfileDataTableViewCell.xib */ = {isa = PBXFileReference; fileEncoding = 4; lastKnownFileType = file.xib; name = ProfileDataTableViewCell.xib; path = demoAmityTiktok/View/ProfileDataTableViewCell.xib; sourceTree = SOURCE_ROOT; };
		E585C37628EAC508009BD379 /* VideoCollectionViewCell.xib */ = {isa = PBXFileReference; fileEncoding = 4; lastKnownFileType = file.xib; name = VideoCollectionViewCell.xib; path = demoAmityTiktok/View/VideoCollectionViewCell.xib; sourceTree = SOURCE_ROOT; };
		E585C37728EAC508009BD379 /* VideoThumbnailCollectionViewCell.xib */ = {isa = PBXFileReference; fileEncoding = 4; lastKnownFileType = file.xib; name = VideoThumbnailCollectionViewCell.xib; path = demoAmityTiktok/View/VideoThumbnailCollectionViewCell.xib; sourceTree = SOURCE_ROOT; };
		E585C37928EAC508009BD379 /* Base */ = {isa = PBXFileReference; lastKnownFileType = file.storyboard; name = Base; path = demoAmityTiktok/View/Base.lproj/LaunchScreen.storyboard; sourceTree = SOURCE_ROOT; };
		E585C37B28EAC508009BD379 /* Base */ = {isa = PBXFileReference; lastKnownFileType = file.storyboard; name = Base; path = demoAmityTiktok/View/Base.lproj/Main.storyboard; sourceTree = SOURCE_ROOT; };
		E585C37C28EAC508009BD379 /* CommentTableViewCell.xib */ = {isa = PBXFileReference; fileEncoding = 4; lastKnownFileType = file.xib; name = CommentTableViewCell.xib; path = demoAmityTiktok/View/CommentTableViewCell.xib; sourceTree = SOURCE_ROOT; };
		E585C37D28EAC508009BD379 /* UserTableViewCell.xib */ = {isa = PBXFileReference; fileEncoding = 4; lastKnownFileType = file.xib; name = UserTableViewCell.xib; path = demoAmityTiktok/View/UserTableViewCell.xib; sourceTree = SOURCE_ROOT; };
		E585C37E28EAC508009BD379 /* VideoThumbnailCollectionViewCell.swift */ = {isa = PBXFileReference; fileEncoding = 4; lastKnownFileType = sourcecode.swift; name = VideoThumbnailCollectionViewCell.swift; path = demoAmityTiktok/View/VideoThumbnailCollectionViewCell.swift; sourceTree = SOURCE_ROOT; };
		E585C37F28EAC508009BD379 /* CommentTableViewCell.swift */ = {isa = PBXFileReference; fileEncoding = 4; lastKnownFileType = sourcecode.swift; name = CommentTableViewCell.swift; path = demoAmityTiktok/View/CommentTableViewCell.swift; sourceTree = SOURCE_ROOT; };
		E585C38C28EAC53B009BD379 /* UserModel.swift */ = {isa = PBXFileReference; fileEncoding = 4; lastKnownFileType = sourcecode.swift; name = UserModel.swift; path = demoAmityTiktok/Model/UserModel.swift; sourceTree = SOURCE_ROOT; };
		E585C38D28EAC53B009BD379 /* CommentModel.swift */ = {isa = PBXFileReference; fileEncoding = 4; lastKnownFileType = sourcecode.swift; name = CommentModel.swift; path = demoAmityTiktok/Model/CommentModel.swift; sourceTree = SOURCE_ROOT; };
		E585C38E28EAC53B009BD379 /* PostModel.swift */ = {isa = PBXFileReference; fileEncoding = 4; lastKnownFileType = sourcecode.swift; name = PostModel.swift; path = demoAmityTiktok/Model/PostModel.swift; sourceTree = SOURCE_ROOT; };
		E585C39228EAC54C009BD379 /* FeedManager.swift */ = {isa = PBXFileReference; fileEncoding = 4; lastKnownFileType = sourcecode.swift; path = FeedManager.swift; sourceTree = "<group>"; };
		E585C39328EAC54C009BD379 /* CommentManager.swift */ = {isa = PBXFileReference; fileEncoding = 4; lastKnownFileType = sourcecode.swift; path = CommentManager.swift; sourceTree = "<group>"; };
		E585C39428EAC54C009BD379 /* UserManager.swift */ = {isa = PBXFileReference; fileEncoding = 4; lastKnownFileType = sourcecode.swift; path = UserManager.swift; sourceTree = "<group>"; };
/* End PBXFileReference section */

/* Begin PBXFrameworksBuildPhase section */
		E52BF4D228E986210093BE62 /* Frameworks */ = {
			isa = PBXFrameworksBuildPhase;
			buildActionMask = 2147483647;
			files = (
				33517FBB89A9F00A8299383C /* Pods_demoAmityTiktok.framework in Frameworks */,
			);
			runOnlyForDeploymentPostprocessing = 0;
		};
/* End PBXFrameworksBuildPhase section */

/* Begin PBXGroup section */
		24684BAE424C5AEA6A1026D1 /* Frameworks */ = {
			isa = PBXGroup;
			children = (
				B2135CAA128534553CAF03D1 /* Pods_demoAmityTiktok.framework */,
			);
			name = Frameworks;
			sourceTree = "<group>";
		};
		27D7E76A11376EF034E14706 /* Pods */ = {
			isa = PBXGroup;
			children = (
				A42F95F478FACF7C6C920505 /* Pods-demoAmityTiktok.debug.xcconfig */,
				A8CF1B111744F396F77D6CEA /* Pods-demoAmityTiktok.release.xcconfig */,
			);
			path = Pods;
			sourceTree = "<group>";
		};
		E52BF4CC28E986210093BE62 = {
			isa = PBXGroup;
			children = (
				E52BF4D728E986210093BE62 /* demoAmityTiktok */,
				E52BF4D628E986210093BE62 /* Products */,
				27D7E76A11376EF034E14706 /* Pods */,
				24684BAE424C5AEA6A1026D1 /* Frameworks */,
			);
			sourceTree = "<group>";
		};
		E52BF4D628E986210093BE62 /* Products */ = {
			isa = PBXGroup;
			children = (
				E52BF4D528E986210093BE62 /* demoAmityTiktok.app */,
			);
			name = Products;
			sourceTree = "<group>";
		};
		E52BF4D728E986210093BE62 /* demoAmityTiktok */ = {
			isa = PBXGroup;
			children = (
				E52BF4EC28E986770093BE62 /* Model */,
				E52BF4ED28E9867F0093BE62 /* View */,
				E52BF4EE28E986870093BE62 /* Controller */,
				E585C37028EAC4D4009BD379 /* AppDelegate.swift */,
				E52BF4DA28E986210093BE62 /* SceneDelegate.swift */,
				E585C36E28EAC4C4009BD379 /* Utilities.swift */,
				E52BF4E128E986230093BE62 /* Assets.xcassets */,
				E52BF4E628E986230093BE62 /* Info.plist */,
			);
			name = demoAmityTiktok;
			path = "/Users/thanaphat-macbookprom1/Desktop/demoAmityTiktok/demoAmityTiktok";
			sourceTree = "<absolute>";
		};
		E52BF4EC28E986770093BE62 /* Model */ = {
			isa = PBXGroup;
			children = (
				E585C38D28EAC53B009BD379 /* CommentModel.swift */,
				E585C38E28EAC53B009BD379 /* PostModel.swift */,
				E585C38C28EAC53B009BD379 /* UserModel.swift */,
				E52BF52728E98AC60093BE62 /* Manager */,
			);
			path = Model;
			sourceTree = "<group>";
		};
		E52BF4ED28E9867F0093BE62 /* View */ = {
			isa = PBXGroup;
			children = (
				E585C37F28EAC508009BD379 /* CommentTableViewCell.swift */,
				E585C37C28EAC508009BD379 /* CommentTableViewCell.xib */,
				E585C37828EAC508009BD379 /* LaunchScreen.storyboard */,
				E585C37A28EAC508009BD379 /* Main.storyboard */,
				E585C37328EAC508009BD379 /* ProfileDataTableViewCell.swift */,
				E585C37528EAC508009BD379 /* ProfileDataTableViewCell.xib */,
				E585C37228EAC508009BD379 /* UserTableViewCell.swift */,
				E585C37D28EAC508009BD379 /* UserTableViewCell.xib */,
				E585C37428EAC508009BD379 /* VideoCollectionViewCell.swift */,
				E585C37628EAC508009BD379 /* VideoCollectionViewCell.xib */,
				E585C37E28EAC508009BD379 /* VideoThumbnailCollectionViewCell.swift */,
				E585C37728EAC508009BD379 /* VideoThumbnailCollectionViewCell.xib */,
			);
			name = View;
			path = Model/View;
			sourceTree = "<group>";
		};
		E52BF4EE28E986870093BE62 /* Controller */ = {
			isa = PBXGroup;
			children = (
				E585C35E28EAC476009BD379 /* CommentViewController.swift */,
				E585C35D28EAC476009BD379 /* CreatePostViewController.swift */,
				E585C35F28EAC476009BD379 /* EditProfileDataViewController.swift */,
				E585C35728EAC476009BD379 /* EditProfileViewController.swift */,
				E585C35928EAC476009BD379 /* FeedPerUserViewController.swift */,
				E585C35A28EAC476009BD379 /* FeedViewController.swift */,
				E585C35828EAC476009BD379 /* IntroCreatePostViewController.swift */,
				E585C36028EAC476009BD379 /* LoginViewController.swift */,
				E585C35C28EAC476009BD379 /* ProfileViewController.swift */,
				E585C35B28EAC476009BD379 /* SearchUserViewController.swift */,
				E585C36128EAC476009BD379 /* TiktokTabBarController.swift */,
			);
			path = Controller;
			sourceTree = "<group>";
		};
		E52BF52728E98AC60093BE62 /* Manager */ = {
			isa = PBXGroup;
			children = (
				E585C39328EAC54C009BD379 /* CommentManager.swift */,
				E585C39228EAC54C009BD379 /* FeedManager.swift */,
				E585C39428EAC54C009BD379 /* UserManager.swift */,
			);
			path = Manager;
			sourceTree = "<group>";
		};
/* End PBXGroup section */

/* Begin PBXNativeTarget section */
		E52BF4D428E986210093BE62 /* demoAmityTiktok */ = {
			isa = PBXNativeTarget;
			buildConfigurationList = E52BF4E928E986230093BE62 /* Build configuration list for PBXNativeTarget "demoAmityTiktok" */;
			buildPhases = (
				DB3E9B738D3717529B0EB3DF /* [CP] Check Pods Manifest.lock */,
				E52BF4D128E986210093BE62 /* Sources */,
				E52BF4D228E986210093BE62 /* Frameworks */,
				E52BF4D328E986210093BE62 /* Resources */,
				668D6BB3D97F83CBAD20A5C0 /* [CP] Embed Pods Frameworks */,
			);
			buildRules = (
			);
			dependencies = (
			);
			name = demoAmityTiktok;
			productName = demoAmityTiktok;
			productReference = E52BF4D528E986210093BE62 /* demoAmityTiktok.app */;
			productType = "com.apple.product-type.application";
		};
/* End PBXNativeTarget section */

/* Begin PBXProject section */
		E52BF4CD28E986210093BE62 /* Project object */ = {
			isa = PBXProject;
			attributes = {
				BuildIndependentTargetsInParallel = 1;
				LastSwiftUpdateCheck = 1340;
				LastUpgradeCheck = 1340;
				TargetAttributes = {
					E52BF4D428E986210093BE62 = {
						CreatedOnToolsVersion = 13.4.1;
					};
				};
			};
			buildConfigurationList = E52BF4D028E986210093BE62 /* Build configuration list for PBXProject "demoAmityTiktok" */;
			compatibilityVersion = "Xcode 13.0";
			developmentRegion = en;
			hasScannedForEncodings = 0;
			knownRegions = (
				en,
				Base,
			);
			mainGroup = E52BF4CC28E986210093BE62;
			productRefGroup = E52BF4D628E986210093BE62 /* Products */;
			projectDirPath = "";
			projectRoot = "";
			targets = (
				E52BF4D428E986210093BE62 /* demoAmityTiktok */,
			);
		};
/* End PBXProject section */

/* Begin PBXResourcesBuildPhase section */
		E52BF4D328E986210093BE62 /* Resources */ = {
			isa = PBXResourcesBuildPhase;
			buildActionMask = 2147483647;
			files = (
				E585C38328EAC508009BD379 /* ProfileDataTableViewCell.xib in Resources */,
				E585C38428EAC508009BD379 /* VideoCollectionViewCell.xib in Resources */,
				E585C38928EAC508009BD379 /* UserTableViewCell.xib in Resources */,
				E585C38728EAC508009BD379 /* Main.storyboard in Resources */,
				E52BF4E228E986230093BE62 /* Assets.xcassets in Resources */,
				E585C38528EAC508009BD379 /* VideoThumbnailCollectionViewCell.xib in Resources */,
				E585C38628EAC508009BD379 /* LaunchScreen.storyboard in Resources */,
				E585C38828EAC508009BD379 /* CommentTableViewCell.xib in Resources */,
			);
			runOnlyForDeploymentPostprocessing = 0;
		};
/* End PBXResourcesBuildPhase section */

/* Begin PBXShellScriptBuildPhase section */
		668D6BB3D97F83CBAD20A5C0 /* [CP] Embed Pods Frameworks */ = {
			isa = PBXShellScriptBuildPhase;
			buildActionMask = 2147483647;
			files = (
			);
			inputFileListPaths = (
				"${PODS_ROOT}/Target Support Files/Pods-demoAmityTiktok/Pods-demoAmityTiktok-frameworks-${CONFIGURATION}-input-files.xcfilelist",
			);
			name = "[CP] Embed Pods Frameworks";
			outputFileListPaths = (
				"${PODS_ROOT}/Target Support Files/Pods-demoAmityTiktok/Pods-demoAmityTiktok-frameworks-${CONFIGURATION}-output-files.xcfilelist",
			);
			runOnlyForDeploymentPostprocessing = 0;
			shellPath = /bin/sh;
			shellScript = "\"${PODS_ROOT}/Target Support Files/Pods-demoAmityTiktok/Pods-demoAmityTiktok-frameworks.sh\"\n";
			showEnvVarsInLog = 0;
		};
		DB3E9B738D3717529B0EB3DF /* [CP] Check Pods Manifest.lock */ = {
			isa = PBXShellScriptBuildPhase;
			buildActionMask = 2147483647;
			files = (
			);
			inputFileListPaths = (
			);
			inputPaths = (
				"${PODS_PODFILE_DIR_PATH}/Podfile.lock",
				"${PODS_ROOT}/Manifest.lock",
			);
			name = "[CP] Check Pods Manifest.lock";
			outputFileListPaths = (
			);
			outputPaths = (
				"$(DERIVED_FILE_DIR)/Pods-demoAmityTiktok-checkManifestLockResult.txt",
			);
			runOnlyForDeploymentPostprocessing = 0;
			shellPath = /bin/sh;
			shellScript = "diff \"${PODS_PODFILE_DIR_PATH}/Podfile.lock\" \"${PODS_ROOT}/Manifest.lock\" > /dev/null\nif [ $? != 0 ] ; then\n    # print error to STDERR\n    echo \"error: The sandbox is not in sync with the Podfile.lock. Run 'pod install' or update your CocoaPods installation.\" >&2\n    exit 1\nfi\n# This output is used by Xcode 'outputs' to avoid re-running this script phase.\necho \"SUCCESS\" > \"${SCRIPT_OUTPUT_FILE_0}\"\n";
			showEnvVarsInLog = 0;
		};
/* End PBXShellScriptBuildPhase section */

/* Begin PBXSourcesBuildPhase section */
		E52BF4D128E986210093BE62 /* Sources */ = {
			isa = PBXSourcesBuildPhase;
			buildActionMask = 2147483647;
			files = (
				E585C36A28EAC476009BD379 /* EditProfileDataViewController.swift in Sources */,
				E585C39528EAC54C009BD379 /* FeedManager.swift in Sources */,
				E585C39728EAC54C009BD379 /* UserManager.swift in Sources */,
				E585C38128EAC508009BD379 /* ProfileDataTableViewCell.swift in Sources */,
				E585C36228EAC476009BD379 /* EditProfileViewController.swift in Sources */,
				E585C38028EAC508009BD379 /* UserTableViewCell.swift in Sources */,
				E585C36F28EAC4C4009BD379 /* Utilities.swift in Sources */,
				E585C38B28EAC508009BD379 /* CommentTableViewCell.swift in Sources */,
				E585C36C28EAC476009BD379 /* TiktokTabBarController.swift in Sources */,
				E585C38A28EAC508009BD379 /* VideoThumbnailCollectionViewCell.swift in Sources */,
				E585C36628EAC476009BD379 /* SearchUserViewController.swift in Sources */,
				E585C37128EAC4D4009BD379 /* AppDelegate.swift in Sources */,
				E585C36728EAC476009BD379 /* ProfileViewController.swift in Sources */,
				E585C38228EAC508009BD379 /* VideoCollectionViewCell.swift in Sources */,
				E585C39028EAC53B009BD379 /* CommentModel.swift in Sources */,
				E585C39128EAC53B009BD379 /* PostModel.swift in Sources */,
				E585C36828EAC476009BD379 /* CreatePostViewController.swift in Sources */,
				E585C39628EAC54C009BD379 /* CommentManager.swift in Sources */,
				E585C38F28EAC53B009BD379 /* UserModel.swift in Sources */,
				E585C36528EAC476009BD379 /* FeedViewController.swift in Sources */,
				E585C36428EAC476009BD379 /* FeedPerUserViewController.swift in Sources */,
				E585C36B28EAC476009BD379 /* LoginViewController.swift in Sources */,
				E52BF4DB28E986210093BE62 /* SceneDelegate.swift in Sources */,
				E585C36328EAC476009BD379 /* IntroCreatePostViewController.swift in Sources */,
				E585C36928EAC476009BD379 /* CommentViewController.swift in Sources */,
			);
			runOnlyForDeploymentPostprocessing = 0;
		};
/* End PBXSourcesBuildPhase section */

/* Begin PBXVariantGroup section */
		E585C37828EAC508009BD379 /* LaunchScreen.storyboard */ = {
			isa = PBXVariantGroup;
			children = (
				E585C37928EAC508009BD379 /* Base */,
			);
			name = LaunchScreen.storyboard;
			sourceTree = "<group>";
		};
		E585C37A28EAC508009BD379 /* Main.storyboard */ = {
			isa = PBXVariantGroup;
			children = (
				E585C37B28EAC508009BD379 /* Base */,
			);
			name = Main.storyboard;
			sourceTree = "<group>";
		};
/* End PBXVariantGroup section */

/* Begin XCBuildConfiguration section */
		E52BF4E728E986230093BE62 /* Debug */ = {
			isa = XCBuildConfiguration;
			buildSettings = {
				ALWAYS_SEARCH_USER_PATHS = NO;
				CLANG_ANALYZER_NONNULL = YES;
				CLANG_ANALYZER_NUMBER_OBJECT_CONVERSION = YES_AGGRESSIVE;
				CLANG_CXX_LANGUAGE_STANDARD = "gnu++17";
				CLANG_ENABLE_MODULES = YES;
				CLANG_ENABLE_OBJC_ARC = YES;
				CLANG_ENABLE_OBJC_WEAK = YES;
				CLANG_WARN_BLOCK_CAPTURE_AUTORELEASING = YES;
				CLANG_WARN_BOOL_CONVERSION = YES;
				CLANG_WARN_COMMA = YES;
				CLANG_WARN_CONSTANT_CONVERSION = YES;
				CLANG_WARN_DEPRECATED_OBJC_IMPLEMENTATIONS = YES;
				CLANG_WARN_DIRECT_OBJC_ISA_USAGE = YES_ERROR;
				CLANG_WARN_DOCUMENTATION_COMMENTS = YES;
				CLANG_WARN_EMPTY_BODY = YES;
				CLANG_WARN_ENUM_CONVERSION = YES;
				CLANG_WARN_INFINITE_RECURSION = YES;
				CLANG_WARN_INT_CONVERSION = YES;
				CLANG_WARN_NON_LITERAL_NULL_CONVERSION = YES;
				CLANG_WARN_OBJC_IMPLICIT_RETAIN_SELF = YES;
				CLANG_WARN_OBJC_LITERAL_CONVERSION = YES;
				CLANG_WARN_OBJC_ROOT_CLASS = YES_ERROR;
				CLANG_WARN_QUOTED_INCLUDE_IN_FRAMEWORK_HEADER = YES;
				CLANG_WARN_RANGE_LOOP_ANALYSIS = YES;
				CLANG_WARN_STRICT_PROTOTYPES = YES;
				CLANG_WARN_SUSPICIOUS_MOVE = YES;
				CLANG_WARN_UNGUARDED_AVAILABILITY = YES_AGGRESSIVE;
				CLANG_WARN_UNREACHABLE_CODE = YES;
				CLANG_WARN__DUPLICATE_METHOD_MATCH = YES;
				COPY_PHASE_STRIP = NO;
				DEBUG_INFORMATION_FORMAT = dwarf;
				ENABLE_STRICT_OBJC_MSGSEND = YES;
				ENABLE_TESTABILITY = YES;
				GCC_C_LANGUAGE_STANDARD = gnu11;
				GCC_DYNAMIC_NO_PIC = NO;
				GCC_NO_COMMON_BLOCKS = YES;
				GCC_OPTIMIZATION_LEVEL = 0;
				GCC_PREPROCESSOR_DEFINITIONS = (
					"DEBUG=1",
					"$(inherited)",
				);
				GCC_WARN_64_TO_32_BIT_CONVERSION = YES;
				GCC_WARN_ABOUT_RETURN_TYPE = YES_ERROR;
				GCC_WARN_UNDECLARED_SELECTOR = YES;
				GCC_WARN_UNINITIALIZED_AUTOS = YES_AGGRESSIVE;
				GCC_WARN_UNUSED_FUNCTION = YES;
				GCC_WARN_UNUSED_VARIABLE = YES;
				IPHONEOS_DEPLOYMENT_TARGET = 15.5;
				MTL_ENABLE_DEBUG_INFO = INCLUDE_SOURCE;
				MTL_FAST_MATH = YES;
				ONLY_ACTIVE_ARCH = YES;
				SDKROOT = iphoneos;
				SWIFT_ACTIVE_COMPILATION_CONDITIONS = DEBUG;
				SWIFT_OPTIMIZATION_LEVEL = "-Onone";
			};
			name = Debug;
		};
		E52BF4E828E986230093BE62 /* Release */ = {
			isa = XCBuildConfiguration;
			buildSettings = {
				ALWAYS_SEARCH_USER_PATHS = NO;
				CLANG_ANALYZER_NONNULL = YES;
				CLANG_ANALYZER_NUMBER_OBJECT_CONVERSION = YES_AGGRESSIVE;
				CLANG_CXX_LANGUAGE_STANDARD = "gnu++17";
				CLANG_ENABLE_MODULES = YES;
				CLANG_ENABLE_OBJC_ARC = YES;
				CLANG_ENABLE_OBJC_WEAK = YES;
				CLANG_WARN_BLOCK_CAPTURE_AUTORELEASING = YES;
				CLANG_WARN_BOOL_CONVERSION = YES;
				CLANG_WARN_COMMA = YES;
				CLANG_WARN_CONSTANT_CONVERSION = YES;
				CLANG_WARN_DEPRECATED_OBJC_IMPLEMENTATIONS = YES;
				CLANG_WARN_DIRECT_OBJC_ISA_USAGE = YES_ERROR;
				CLANG_WARN_DOCUMENTATION_COMMENTS = YES;
				CLANG_WARN_EMPTY_BODY = YES;
				CLANG_WARN_ENUM_CONVERSION = YES;
				CLANG_WARN_INFINITE_RECURSION = YES;
				CLANG_WARN_INT_CONVERSION = YES;
				CLANG_WARN_NON_LITERAL_NULL_CONVERSION = YES;
				CLANG_WARN_OBJC_IMPLICIT_RETAIN_SELF = YES;
				CLANG_WARN_OBJC_LITERAL_CONVERSION = YES;
				CLANG_WARN_OBJC_ROOT_CLASS = YES_ERROR;
				CLANG_WARN_QUOTED_INCLUDE_IN_FRAMEWORK_HEADER = YES;
				CLANG_WARN_RANGE_LOOP_ANALYSIS = YES;
				CLANG_WARN_STRICT_PROTOTYPES = YES;
				CLANG_WARN_SUSPICIOUS_MOVE = YES;
				CLANG_WARN_UNGUARDED_AVAILABILITY = YES_AGGRESSIVE;
				CLANG_WARN_UNREACHABLE_CODE = YES;
				CLANG_WARN__DUPLICATE_METHOD_MATCH = YES;
				COPY_PHASE_STRIP = NO;
				DEBUG_INFORMATION_FORMAT = "dwarf-with-dsym";
				ENABLE_NS_ASSERTIONS = NO;
				ENABLE_STRICT_OBJC_MSGSEND = YES;
				GCC_C_LANGUAGE_STANDARD = gnu11;
				GCC_NO_COMMON_BLOCKS = YES;
				GCC_WARN_64_TO_32_BIT_CONVERSION = YES;
				GCC_WARN_ABOUT_RETURN_TYPE = YES_ERROR;
				GCC_WARN_UNDECLARED_SELECTOR = YES;
				GCC_WARN_UNINITIALIZED_AUTOS = YES_AGGRESSIVE;
				GCC_WARN_UNUSED_FUNCTION = YES;
				GCC_WARN_UNUSED_VARIABLE = YES;
				IPHONEOS_DEPLOYMENT_TARGET = 15.5;
				MTL_ENABLE_DEBUG_INFO = NO;
				MTL_FAST_MATH = YES;
				SDKROOT = iphoneos;
				SWIFT_COMPILATION_MODE = wholemodule;
				SWIFT_OPTIMIZATION_LEVEL = "-O";
				VALIDATE_PRODUCT = YES;
			};
			name = Release;
		};
		E52BF4EA28E986230093BE62 /* Debug */ = {
			isa = XCBuildConfiguration;
			baseConfigurationReference = A42F95F478FACF7C6C920505 /* Pods-demoAmityTiktok.debug.xcconfig */;
			buildSettings = {
				ASSETCATALOG_COMPILER_APPICON_NAME = AppIcon;
				ASSETCATALOG_COMPILER_GLOBAL_ACCENT_COLOR_NAME = AccentColor;
				CODE_SIGN_STYLE = Automatic;
				CURRENT_PROJECT_VERSION = 1;
				DEVELOPMENT_TEAM = TT25339N5W;
				GENERATE_INFOPLIST_FILE = YES;
				INFOPLIST_FILE = demoAmityTiktok/Info.plist;
				INFOPLIST_KEY_UIApplicationSupportsIndirectInputEvents = YES;
				INFOPLIST_KEY_UILaunchStoryboardName = LaunchScreen;
				INFOPLIST_KEY_UIMainStoryboardFile = Main;
				INFOPLIST_KEY_UISupportedInterfaceOrientations_iPad = "UIInterfaceOrientationPortrait UIInterfaceOrientationPortraitUpsideDown UIInterfaceOrientationLandscapeLeft UIInterfaceOrientationLandscapeRight";
				INFOPLIST_KEY_UISupportedInterfaceOrientations_iPhone = "UIInterfaceOrientationPortrait UIInterfaceOrientationLandscapeLeft UIInterfaceOrientationLandscapeRight";
				IPHONEOS_DEPLOYMENT_TARGET = 13.0;
				LD_RUNPATH_SEARCH_PATHS = (
					"$(inherited)",
					"@executable_path/Frameworks",
				);
				MARKETING_VERSION = 1.0;
				PRODUCT_BUNDLE_IDENTIFIER = com.melon.demoAmityTiktok;
				PRODUCT_NAME = "$(TARGET_NAME)";
				SWIFT_EMIT_LOC_STRINGS = YES;
				SWIFT_VERSION = 5.0;
				TARGETED_DEVICE_FAMILY = "1,2";
			};
			name = Debug;
		};
		E52BF4EB28E986230093BE62 /* Release */ = {
			isa = XCBuildConfiguration;
			baseConfigurationReference = A8CF1B111744F396F77D6CEA /* Pods-demoAmityTiktok.release.xcconfig */;
			buildSettings = {
				ASSETCATALOG_COMPILER_APPICON_NAME = AppIcon;
				ASSETCATALOG_COMPILER_GLOBAL_ACCENT_COLOR_NAME = AccentColor;
				CODE_SIGN_STYLE = Automatic;
				CURRENT_PROJECT_VERSION = 1;
				DEVELOPMENT_TEAM = TT25339N5W;
				GENERATE_INFOPLIST_FILE = YES;
				INFOPLIST_FILE = demoAmityTiktok/Info.plist;
				INFOPLIST_KEY_UIApplicationSupportsIndirectInputEvents = YES;
				INFOPLIST_KEY_UILaunchStoryboardName = LaunchScreen;
				INFOPLIST_KEY_UIMainStoryboardFile = Main;
				INFOPLIST_KEY_UISupportedInterfaceOrientations_iPad = "UIInterfaceOrientationPortrait UIInterfaceOrientationPortraitUpsideDown UIInterfaceOrientationLandscapeLeft UIInterfaceOrientationLandscapeRight";
				INFOPLIST_KEY_UISupportedInterfaceOrientations_iPhone = "UIInterfaceOrientationPortrait UIInterfaceOrientationLandscapeLeft UIInterfaceOrientationLandscapeRight";
				IPHONEOS_DEPLOYMENT_TARGET = 13.0;
				LD_RUNPATH_SEARCH_PATHS = (
					"$(inherited)",
					"@executable_path/Frameworks",
				);
				MARKETING_VERSION = 1.0;
				PRODUCT_BUNDLE_IDENTIFIER = com.melon.demoAmityTiktok;
				PRODUCT_NAME = "$(TARGET_NAME)";
				SWIFT_EMIT_LOC_STRINGS = YES;
				SWIFT_VERSION = 5.0;
				TARGETED_DEVICE_FAMILY = "1,2";
			};
			name = Release;
		};
/* End XCBuildConfiguration section */

/* Begin XCConfigurationList section */
		E52BF4D028E986210093BE62 /* Build configuration list for PBXProject "demoAmityTiktok" */ = {
			isa = XCConfigurationList;
			buildConfigurations = (
				E52BF4E728E986230093BE62 /* Debug */,
				E52BF4E828E986230093BE62 /* Release */,
			);
			defaultConfigurationIsVisible = 0;
			defaultConfigurationName = Release;
		};
		E52BF4E928E986230093BE62 /* Build configuration list for PBXNativeTarget "demoAmityTiktok" */ = {
			isa = XCConfigurationList;
			buildConfigurations = (
				E52BF4EA28E986230093BE62 /* Debug */,
				E52BF4EB28E986230093BE62 /* Release */,
			);
			defaultConfigurationIsVisible = 0;
			defaultConfigurationName = Release;
		};
/* End XCConfigurationList section */
	};
	rootObject = E52BF4CD28E986210093BE62 /* Project object */;
}
